{
  "version": 4,
  "terraform_version": "1.7.0",
  "serial": 96,
  "lineage": "5d4457ed-f110-e369-be11-9e0948cb7402",
  "outputs": {
    "public_ip": {
      "value": "54.235.238.48",
      "type": "string"
    },
    "ssh-command": {
      "value": "ssh -i utc-key.pem ec2-user@54.235.238.48",
      "type": "string"
    }
  },
  "resources": [
    {
      "mode": "managed",
      "type": "aws_dynamodb_table",
      "name": "terraform_locks",
      "provider": "provider[\"registry.terraform.io/hashicorp/aws\"]",
      "instances": [
        {
          "schema_version": 1,
          "attributes": {
            "arn": "arn:aws:dynamodb:us-east-1:781382313434:table/terraform_locks",
            "attribute": [
              {
                "name": "UserId",
                "type": "S"
              }
            ],
            "billing_mode": "PAY_PER_REQUEST",
            "deletion_protection_enabled": false,
            "global_secondary_index": [],
            "hash_key": "UserId",
            "id": "terraform_locks",
            "import_table": [],
            "local_secondary_index": [],
            "name": "terraform_locks",
            "point_in_time_recovery": [
              {
                "enabled": false
              }
            ],
            "range_key": null,
            "read_capacity": 0,
            "replica": [],
            "restore_date_time": null,
            "restore_source_name": null,
            "restore_to_latest_time": null,
            "server_side_encryption": [],
            "stream_arn": "",
            "stream_enabled": false,
            "stream_label": "",
            "stream_view_type": "",
            "table_class": "STANDARD",
            "tags": {
              "Name": "terraform State Lock"
            },
            "tags_all": {
              "Name": "terraform State Lock"
            },
            "timeouts": null,
            "ttl": [
              {
                "attribute_name": "",
                "enabled": false
              }
            ],
            "write_capacity": 0
          },
          "sensitive_attributes": [],
          "private": "eyJlMmJmYjczMC1lY2FhLTExZTYtOGY4OC0zNDM2M2JjN2M0YzAiOnsiY3JlYXRlIjoxODAwMDAwMDAwMDAwLCJkZWxldGUiOjYwMDAwMDAwMDAwMCwidXBkYXRlIjozNjAwMDAwMDAwMDAwfSwic2NoZW1hX3ZlcnNpb24iOiIxIn0="
        }
      ]
    },
    {
      "mode": "managed",
      "type": "aws_ebs_volume",
      "name": "utc-ebs",
      "provider": "provider[\"registry.terraform.io/hashicorp/aws\"]",
      "instances": [
        {
          "schema_version": 0,
          "attributes": {
            "arn": "arn:aws:ec2:us-east-1:781382313434:volume/vol-0cc7edfd0b1e302e1",
            "availability_zone": "us-east-1a",
            "encrypted": false,
            "final_snapshot": false,
            "id": "vol-0cc7edfd0b1e302e1",
            "iops": 100,
            "kms_key_id": "",
            "multi_attach_enabled": false,
            "outpost_arn": "",
            "size": 20,
            "snapshot_id": "",
            "tags": {
              "Name": "utc-ebs"
            },
            "tags_all": {
              "Name": "utc-ebs"
            },
            "throughput": 0,
            "timeouts": null,
            "type": "gp2"
          },
          "sensitive_attributes": [],
          "private": "eyJlMmJmYjczMC1lY2FhLTExZTYtOGY4OC0zNDM2M2JjN2M0YzAiOnsiY3JlYXRlIjozMDAwMDAwMDAwMDAsImRlbGV0ZSI6MzAwMDAwMDAwMDAwLCJ1cGRhdGUiOjMwMDAwMDAwMDAwMH19"
        }
      ]
    },
    {
      "mode": "managed",
      "type": "aws_instance",
      "name": "utc-app1",
      "provider": "provider[\"registry.terraform.io/hashicorp/aws\"]",
      "instances": [
        {
          "schema_version": 1,
          "attributes": {
            "ami": "ami-06a0cd9728546d178",
            "arn": "arn:aws:ec2:us-east-1:781382313434:instance/i-0f282e259dcbfbccc",
            "associate_public_ip_address": true,
            "availability_zone": "us-east-1a",
            "capacity_reservation_specification": [
              {
                "capacity_reservation_preference": "open",
                "capacity_reservation_target": []
              }
            ],
            "cpu_core_count": 1,
            "cpu_options": [
              {
                "amd_sev_snp": "",
                "core_count": 1,
                "threads_per_core": 1
              }
            ],
            "cpu_threads_per_core": 1,
            "credit_specification": [
              {
                "cpu_credits": "standard"
              }
            ],
            "disable_api_stop": false,
            "disable_api_termination": false,
            "ebs_block_device": [
              {
                "delete_on_termination": false,
                "device_name": "/dev/sdh",
                "encrypted": false,
                "iops": 100,
                "kms_key_id": "",
                "snapshot_id": "",
                "tags": {
                  "Name": "utc-ebs"
                },
                "tags_all": {
                  "Name": "utc-ebs"
                },
                "throughput": 0,
                "volume_id": "vol-0cc7edfd0b1e302e1",
                "volume_size": 20,
                "volume_type": "gp2"
              }
            ],
            "ebs_optimized": false,
            "enclave_options": [
              {
                "enabled": false
              }
            ],
            "ephemeral_block_device": [],
            "get_password_data": false,
            "hibernation": false,
            "host_id": "",
            "host_resource_group_arn": null,
            "iam_instance_profile": "",
            "id": "i-0f282e259dcbfbccc",
            "instance_initiated_shutdown_behavior": "stop",
            "instance_lifecycle": "",
            "instance_market_options": [],
            "instance_state": "running",
            "instance_type": "t2.micro",
            "ipv6_address_count": 0,
            "ipv6_addresses": [],
            "key_name": "utc-key",
            "launch_template": [],
            "maintenance_options": [
              {
                "auto_recovery": "default"
              }
            ],
            "metadata_options": [
              {
                "http_endpoint": "enabled",
                "http_protocol_ipv6": "disabled",
                "http_put_response_hop_limit": 1,
                "http_tokens": "optional",
                "instance_metadata_tags": "disabled"
              }
            ],
            "monitoring": false,
            "network_interface": [],
            "outpost_arn": "",
            "password_data": "",
            "placement_group": "",
            "placement_partition_number": 0,
            "primary_network_interface_id": "eni-0b92c3eb871949ef7",
            "private_dns": "ip-172-120-1-27.ec2.internal",
            "private_dns_name_options": [
              {
                "enable_resource_name_dns_a_record": false,
                "enable_resource_name_dns_aaaa_record": false,
                "hostname_type": "ip-name"
              }
            ],
            "private_ip": "172.120.1.27",
            "public_dns": "ec2-54-235-238-48.compute-1.amazonaws.com",
            "public_ip": "54.235.238.48",
            "root_block_device": [
              {
                "delete_on_termination": true,
                "device_name": "/dev/xvda",
                "encrypted": false,
                "iops": 100,
                "kms_key_id": "",
                "tags": {},
                "tags_all": {},
                "throughput": 0,
                "volume_id": "vol-0a43feb5065dadef2",
                "volume_size": 8,
                "volume_type": "gp2"
              }
            ],
            "secondary_private_ips": [],
            "security_groups": [],
            "source_dest_check": true,
            "spot_instance_request_id": "",
            "subnet_id": "subnet-0a74568cd884b4af2",
            "tags": {
              "Env": "dev",
              "Name": "utc-app1-inst",
              "Team": "cloud transformation",
              "created_by": "stephane"
            },
            "tags_all": {
              "Env": "dev",
              "Name": "utc-app1-inst",
              "Team": "cloud transformation",
              "created_by": "stephane"
            },
            "tenancy": "default",
            "timeouts": null,
            "user_data": "7404110fc5247e25bf5b4df51da426ecb9d83d46",
            "user_data_base64": null,
            "user_data_replace_on_change": false,
            "volume_tags": null,
            "vpc_security_group_ids": [
              "sg-079dbd3ca2661fb92"
            ]
          },
          "sensitive_attributes": [],
          "private": "eyJlMmJmYjczMC1lY2FhLTExZTYtOGY4OC0zNDM2M2JjN2M0YzAiOnsiY3JlYXRlIjo2MDAwMDAwMDAwMDAsImRlbGV0ZSI6MTIwMDAwMDAwMDAwMCwicmVhZCI6OTAwMDAwMDAwMDAwLCJ1cGRhdGUiOjYwMDAwMDAwMDAwMH0sInNjaGVtYV92ZXJzaW9uIjoiMSJ9",
          "dependencies": [
            "aws_security_group.webserver-sg",
            "aws_subnet.public_subnet1a",
            "aws_vpc.utc-app1"
          ]
        }
      ]
    },
    {
      "mode": "managed",
      "type": "aws_internet_gateway",
      "name": "dev-wdp-IGW",
      "provider": "provider[\"registry.terraform.io/hashicorp/aws\"]",
      "instances": [
        {
          "schema_version": 0,
          "attributes": {
            "arn": "arn:aws:ec2:us-east-1:781382313434:internet-gateway/igw-0b9e401c82f78b83f",
            "id": "igw-0b9e401c82f78b83f",
            "owner_id": "781382313434",
            "tags": {
              "Name": "dev-Wdp-IGW"
            },
            "tags_all": {
              "Name": "dev-Wdp-IGW"
            },
            "timeouts": null,
            "vpc_id": "vpc-0c42ad92ccb6cf935"
          },
          "sensitive_attributes": [],
          "private": "eyJlMmJmYjczMC1lY2FhLTExZTYtOGY4OC0zNDM2M2JjN2M0YzAiOnsiY3JlYXRlIjoxMjAwMDAwMDAwMDAwLCJkZWxldGUiOjEyMDAwMDAwMDAwMDAsInVwZGF0ZSI6MTIwMDAwMDAwMDAwMH19",
          "dependencies": [
            "aws_vpc.utc-app1"
          ]
        }
      ]
    },
    {
      "mode": "managed",
      "type": "aws_key_pair",
      "name": "app1",
      "provider": "provider[\"registry.terraform.io/hashicorp/aws\"]",
      "instances": [
        {
          "schema_version": 1,
          "attributes": {
            "arn": "arn:aws:ec2:us-east-1:781382313434:key-pair/utc-key",
            "fingerprint": "29:3f:44:5b:ea:ef:7f:69:e2:84:9c:cb:45:f5:73:29",
            "id": "utc-key",
            "key_name": "utc-key",
            "key_name_prefix": "",
            "key_pair_id": "key-08f610730f574cfe9",
            "key_type": "rsa",
            "public_key": "ssh-rsa AAAAB3NzaC1yc2EAAAADAQABAAABAQDJHs+TW0SH7Zx9QdXyLFXkkVIpM0zzjilf9bN9bU1cM7XIDW01CYSVEmSoIxiOFUJYKLbWJley+0CzAyDWXXovdKCxuCP1fsiofpsipZNfuPSslIGQoevVBSFqXgnXafWseB/VNW1INtRkVyDkDbFIlMHx53cbQUTgz0Z98pDlwJgPGb3lfNq3LZWMu0++wp1BlN8UwwJWiHlyRql4SeI5LWhoZIy+nqxdKFJHO0Qoq/QFaBSs4cvneh5ZOFxmII4Kpw0DgH/ztF5ECdx3+lOOtqKdfaGX40FRdKnB8O4RrNExc09Uj21evG+VeUFmpZw3lRj7HR16uwNrHPLUxkkB",
            "tags": {},
            "tags_all": {}
          },
          "sensitive_attributes": [],
          "private": "eyJzY2hlbWFfdmVyc2lvbiI6IjEifQ==",
          "dependencies": [
            "tls_private_key.app1"
          ]
        }
      ]
    },
    {
      "mode": "managed",
      "type": "aws_route_table",
      "name": "rt",
      "provider": "provider[\"registry.terraform.io/hashicorp/aws\"]",
      "instances": [
        {
          "schema_version": 0,
          "attributes": {
            "arn": "arn:aws:ec2:us-east-1:781382313434:route-table/rtb-07c8f8b584e4a0762",
            "id": "rtb-07c8f8b584e4a0762",
            "owner_id": "781382313434",
            "propagating_vgws": [],
            "route": [
              {
                "carrier_gateway_id": "",
                "cidr_block": "0.0.0.0/0",
                "core_network_arn": "",
                "destination_prefix_list_id": "",
                "egress_only_gateway_id": "",
                "gateway_id": "igw-0b9e401c82f78b83f",
                "ipv6_cidr_block": "",
                "local_gateway_id": "",
                "nat_gateway_id": "",
                "network_interface_id": "",
                "transit_gateway_id": "",
                "vpc_endpoint_id": "",
                "vpc_peering_connection_id": ""
              }
            ],
            "tags": {},
            "tags_all": {},
            "timeouts": null,
            "vpc_id": "vpc-0c42ad92ccb6cf935"
          },
          "sensitive_attributes": [],
          "private": "eyJlMmJmYjczMC1lY2FhLTExZTYtOGY4OC0zNDM2M2JjN2M0YzAiOnsiY3JlYXRlIjozMDAwMDAwMDAwMDAsImRlbGV0ZSI6MzAwMDAwMDAwMDAwLCJ1cGRhdGUiOjEyMDAwMDAwMDAwMH19",
          "dependencies": [
            "aws_internet_gateway.dev-wdp-IGW",
            "aws_vpc.utc-app1"
          ]
        }
      ]
    },
    {
      "mode": "managed",
      "type": "aws_route_table_association",
      "name": "rta1",
      "provider": "provider[\"registry.terraform.io/hashicorp/aws\"]",
      "instances": [
        {
          "schema_version": 0,
          "attributes": {
            "gateway_id": "",
            "id": "rtbassoc-0d30d98be77150675",
            "route_table_id": "rtb-07c8f8b584e4a0762",
            "subnet_id": "subnet-0a74568cd884b4af2",
            "timeouts": null
          },
          "sensitive_attributes": [],
          "private": "eyJlMmJmYjczMC1lY2FhLTExZTYtOGY4OC0zNDM2M2JjN2M0YzAiOnsiY3JlYXRlIjozMDAwMDAwMDAwMDAsImRlbGV0ZSI6MzAwMDAwMDAwMDAwLCJ1cGRhdGUiOjEyMDAwMDAwMDAwMH19",
          "dependencies": [
            "aws_internet_gateway.dev-wdp-IGW",
            "aws_route_table.rt",
            "aws_subnet.public_subnet1a",
            "aws_vpc.utc-app1"
          ]
        }
      ]
    },
    {
      "mode": "managed",
      "type": "aws_route_table_association",
      "name": "rta2",
      "provider": "provider[\"registry.terraform.io/hashicorp/aws\"]",
      "instances": [
        {
          "schema_version": 0,
          "attributes": {
            "gateway_id": "",
            "id": "rtbassoc-0d30d98be77150675",
            "route_table_id": "rtb-07c8f8b584e4a0762",
            "subnet_id": "subnet-0a74568cd884b4af2",
            "timeouts": null
          },
          "sensitive_attributes": [],
          "private": "eyJlMmJmYjczMC1lY2FhLTExZTYtOGY4OC0zNDM2M2JjN2M0YzAiOnsiY3JlYXRlIjozMDAwMDAwMDAwMDAsImRlbGV0ZSI6MzAwMDAwMDAwMDAwLCJ1cGRhdGUiOjEyMDAwMDAwMDAwMH19",
          "dependencies": [
            "aws_internet_gateway.dev-wdp-IGW",
            "aws_route_table.rt",
            "aws_subnet.public_subnet1a",
            "aws_vpc.utc-app1"
          ]
        }
      ]
    },
    {
      "mode": "managed",
      "type": "aws_s3_bucket",
      "name": "utc_bucket",
      "provider": "provider[\"registry.terraform.io/hashicorp/aws\"]",
      "instances": [
        {
          "schema_version": 0,
          "attributes": {
            "acceleration_status": "",
            "acl": null,
            "arn": "arn:aws:s3:::my-stephe-bucket1",
            "bucket": "my-stephe-bucket1",
            "bucket_domain_name": "my-stephe-bucket1.s3.amazonaws.com",
            "bucket_prefix": "",
            "bucket_regional_domain_name": "my-stephe-bucket1.s3.us-east-1.amazonaws.com",
            "cors_rule": [],
            "force_destroy": false,
            "grant": [
              {
                "id": "f68cfa6a9855cfd9d0a5e2ad31b05865d8068347f0829288c8d6e79941a44839",
                "permissions": [
                  "FULL_CONTROL"
                ],
                "type": "CanonicalUser",
                "uri": ""
              }
            ],
            "hosted_zone_id": "Z3AQBSTGFYJSTF",
            "id": "my-stephe-bucket1",
            "lifecycle_rule": [],
            "logging": [],
            "object_lock_configuration": [],
            "object_lock_enabled": false,
            "policy": "",
            "region": "us-east-1",
            "replication_configuration": [],
            "request_payer": "BucketOwner",
            "server_side_encryption_configuration": [
              {
                "rule": [
                  {
                    "apply_server_side_encryption_by_default": [
                      {
                        "kms_master_key_id": "",
                        "sse_algorithm": "AES256"
                      }
                    ],
                    "bucket_key_enabled": false
                  }
                ]
              }
            ],
            "tags": {
              "Environment": "Dev",
              "Name": "My bucket"
            },
            "tags_all": {
              "Environment": "Dev",
              "Name": "My bucket"
            },
            "timeouts": null,
            "versioning": [
              {
                "enabled": false,
                "mfa_delete": false
              }
            ],
            "website": [],
            "website_domain": null,
            "website_endpoint": null
          },
          "sensitive_attributes": [],
          "private": "eyJlMmJmYjczMC1lY2FhLTExZTYtOGY4OC0zNDM2M2JjN2M0YzAiOnsiY3JlYXRlIjoxMjAwMDAwMDAwMDAwLCJkZWxldGUiOjM2MDAwMDAwMDAwMDAsInJlYWQiOjEyMDAwMDAwMDAwMDAsInVwZGF0ZSI6MTIwMDAwMDAwMDAwMH19"
        }
      ]
    },
    {
      "mode": "managed",
      "type": "aws_security_group",
      "name": "webserver-sg",
      "provider": "provider[\"registry.terraform.io/hashicorp/aws\"]",
      "instances": [
        {
          "schema_version": 1,
          "attributes": {
            "arn": "arn:aws:ec2:us-east-1:781382313434:security-group/sg-079dbd3ca2661fb92",
            "description": "ssh allow just from your ip",
            "egress": [
              {
                "cidr_blocks": [
                  "0.0.0.0/0"
                ],
                "description": "",
                "from_port": 0,
                "ipv6_cidr_blocks": [
                  "::/0"
                ],
                "prefix_list_ids": [],
                "protocol": "-1",
                "security_groups": [],
                "self": false,
                "to_port": 0
              }
            ],
            "id": "sg-079dbd3ca2661fb92",
            "ingress": [
              {
                "cidr_blocks": [
                  "0.0.0.0/0"
                ],
                "description": "",
                "from_port": 22,
                "ipv6_cidr_blocks": [],
                "prefix_list_ids": [],
                "protocol": "tcp",
                "security_groups": [],
                "self": false,
                "to_port": 22
              },
              {
                "cidr_blocks": [
                  "0.0.0.0/0"
                ],
                "description": "",
                "from_port": 8080,
                "ipv6_cidr_blocks": [],
                "prefix_list_ids": [],
                "protocol": "tcp",
                "security_groups": [],
                "self": false,
                "to_port": 8080
              },
              {
                "cidr_blocks": [
                  "0.0.0.0/0"
                ],
                "description": "",
                "from_port": 80,
                "ipv6_cidr_blocks": [],
                "prefix_list_ids": [],
                "protocol": "tcp",
                "security_groups": [],
                "self": false,
                "to_port": 80
              }
            ],
            "name": "terraform-20240310034656300700000002",
            "name_prefix": "terraform-",
            "owner_id": "781382313434",
            "revoke_rules_on_delete": false,
            "tags": {},
            "tags_all": {},
            "timeouts": null,
            "vpc_id": "vpc-0c42ad92ccb6cf935"
          },
          "sensitive_attributes": [],
          "private": "eyJlMmJmYjczMC1lY2FhLTExZTYtOGY4OC0zNDM2M2JjN2M0YzAiOnsiY3JlYXRlIjo2MDAwMDAwMDAwMDAsImRlbGV0ZSI6OTAwMDAwMDAwMDAwfSwic2NoZW1hX3ZlcnNpb24iOiIxIn0=",
          "dependencies": [
            "aws_vpc.utc-app1"
          ]
        }
      ]
    },
    {
      "mode": "managed",
      "type": "aws_subnet",
      "name": "private_subnet1a",
      "provider": "provider[\"registry.terraform.io/hashicorp/aws\"]",
      "instances": [
        {
          "schema_version": 1,
          "attributes": {
            "arn": "arn:aws:ec2:us-east-1:781382313434:subnet/subnet-071980b9ce44f0afe",
            "assign_ipv6_address_on_creation": false,
            "availability_zone": "us-east-1a",
            "availability_zone_id": "use1-az2",
            "cidr_block": "172.120.3.0/24",
            "customer_owned_ipv4_pool": "",
            "enable_dns64": false,
            "enable_lni_at_device_index": 0,
            "enable_resource_name_dns_a_record_on_launch": false,
            "enable_resource_name_dns_aaaa_record_on_launch": false,
            "id": "subnet-071980b9ce44f0afe",
            "ipv6_cidr_block": "",
            "ipv6_cidr_block_association_id": "",
            "ipv6_native": false,
            "map_customer_owned_ip_on_launch": false,
            "map_public_ip_on_launch": false,
            "outpost_arn": "",
            "owner_id": "781382313434",
            "private_dns_hostname_type_on_launch": "ip-name",
            "tags": {},
            "tags_all": {},
            "timeouts": null,
            "vpc_id": "vpc-0c42ad92ccb6cf935"
          },
          "sensitive_attributes": [],
          "private": "eyJlMmJmYjczMC1lY2FhLTExZTYtOGY4OC0zNDM2M2JjN2M0YzAiOnsiY3JlYXRlIjo2MDAwMDAwMDAwMDAsImRlbGV0ZSI6MTIwMDAwMDAwMDAwMH0sInNjaGVtYV92ZXJzaW9uIjoiMSJ9",
          "dependencies": [
            "aws_vpc.utc-app1"
          ]
        }
      ]
    },
    {
      "mode": "managed",
      "type": "aws_subnet",
      "name": "private_subnet2a",
      "provider": "provider[\"registry.terraform.io/hashicorp/aws\"]",
      "instances": [
        {
          "schema_version": 1,
          "attributes": {
            "arn": "arn:aws:ec2:us-east-1:781382313434:subnet/subnet-0d51b596ff025871b",
            "assign_ipv6_address_on_creation": false,
            "availability_zone": "us-east-1b",
            "availability_zone_id": "use1-az4",
            "cidr_block": "172.120.4.0/24",
            "customer_owned_ipv4_pool": "",
            "enable_dns64": false,
            "enable_lni_at_device_index": 0,
            "enable_resource_name_dns_a_record_on_launch": false,
            "enable_resource_name_dns_aaaa_record_on_launch": false,
            "id": "subnet-0d51b596ff025871b",
            "ipv6_cidr_block": "",
            "ipv6_cidr_block_association_id": "",
            "ipv6_native": false,
            "map_customer_owned_ip_on_launch": false,
            "map_public_ip_on_launch": false,
            "outpost_arn": "",
            "owner_id": "781382313434",
            "private_dns_hostname_type_on_launch": "ip-name",
            "tags": {},
            "tags_all": {},
            "timeouts": null,
            "vpc_id": "vpc-0c42ad92ccb6cf935"
          },
          "sensitive_attributes": [],
          "private": "eyJlMmJmYjczMC1lY2FhLTExZTYtOGY4OC0zNDM2M2JjN2M0YzAiOnsiY3JlYXRlIjo2MDAwMDAwMDAwMDAsImRlbGV0ZSI6MTIwMDAwMDAwMDAwMH0sInNjaGVtYV92ZXJzaW9uIjoiMSJ9",
          "dependencies": [
            "aws_vpc.utc-app1"
          ]
        }
      ]
    },
    {
      "mode": "managed",
      "type": "aws_subnet",
      "name": "public_subnet1a",
      "provider": "provider[\"registry.terraform.io/hashicorp/aws\"]",
      "instances": [
        {
          "schema_version": 1,
          "attributes": {
            "arn": "arn:aws:ec2:us-east-1:781382313434:subnet/subnet-0a74568cd884b4af2",
            "assign_ipv6_address_on_creation": false,
            "availability_zone": "us-east-1a",
            "availability_zone_id": "use1-az2",
            "cidr_block": "172.120.1.0/24",
            "customer_owned_ipv4_pool": "",
            "enable_dns64": false,
            "enable_lni_at_device_index": 0,
            "enable_resource_name_dns_a_record_on_launch": false,
            "enable_resource_name_dns_aaaa_record_on_launch": false,
            "id": "subnet-0a74568cd884b4af2",
            "ipv6_cidr_block": "",
            "ipv6_cidr_block_association_id": "",
            "ipv6_native": false,
            "map_customer_owned_ip_on_launch": false,
            "map_public_ip_on_launch": true,
            "outpost_arn": "",
            "owner_id": "781382313434",
            "private_dns_hostname_type_on_launch": "ip-name",
            "tags": {},
            "tags_all": {},
            "timeouts": null,
            "vpc_id": "vpc-0c42ad92ccb6cf935"
          },
          "sensitive_attributes": [],
          "private": "eyJlMmJmYjczMC1lY2FhLTExZTYtOGY4OC0zNDM2M2JjN2M0YzAiOnsiY3JlYXRlIjo2MDAwMDAwMDAwMDAsImRlbGV0ZSI6MTIwMDAwMDAwMDAwMH0sInNjaGVtYV92ZXJzaW9uIjoiMSJ9",
          "dependencies": [
            "aws_vpc.utc-app1"
          ]
        }
      ]
    },
    {
      "mode": "managed",
      "type": "aws_subnet",
      "name": "public_subnet2a",
      "provider": "provider[\"registry.terraform.io/hashicorp/aws\"]",
      "instances": [
        {
          "schema_version": 1,
          "attributes": {
            "arn": "arn:aws:ec2:us-east-1:781382313434:subnet/subnet-08e6c5cb608ea46d7",
            "assign_ipv6_address_on_creation": false,
            "availability_zone": "us-east-1b",
            "availability_zone_id": "use1-az4",
            "cidr_block": "172.120.2.0/24",
            "customer_owned_ipv4_pool": "",
            "enable_dns64": false,
            "enable_lni_at_device_index": 0,
            "enable_resource_name_dns_a_record_on_launch": false,
            "enable_resource_name_dns_aaaa_record_on_launch": false,
            "id": "subnet-08e6c5cb608ea46d7",
            "ipv6_cidr_block": "",
            "ipv6_cidr_block_association_id": "",
            "ipv6_native": false,
            "map_customer_owned_ip_on_launch": false,
            "map_public_ip_on_launch": true,
            "outpost_arn": "",
            "owner_id": "781382313434",
            "private_dns_hostname_type_on_launch": "ip-name",
            "tags": {},
            "tags_all": {},
            "timeouts": null,
            "vpc_id": "vpc-0c42ad92ccb6cf935"
          },
          "sensitive_attributes": [],
          "private": "eyJlMmJmYjczMC1lY2FhLTExZTYtOGY4OC0zNDM2M2JjN2M0YzAiOnsiY3JlYXRlIjo2MDAwMDAwMDAwMDAsImRlbGV0ZSI6MTIwMDAwMDAwMDAwMH0sInNjaGVtYV92ZXJzaW9uIjoiMSJ9",
          "dependencies": [
            "aws_vpc.utc-app1"
          ]
        }
      ]
    },
    {
      "mode": "managed",
      "type": "aws_volume_attachment",
      "name": "utc-vol",
      "provider": "provider[\"registry.terraform.io/hashicorp/aws\"]",
      "instances": [
        {
          "schema_version": 0,
          "attributes": {
            "device_name": "/dev/sdh",
            "force_detach": null,
            "id": "vai-3508835542",
            "instance_id": "i-0f282e259dcbfbccc",
            "skip_destroy": null,
            "stop_instance_before_detaching": null,
            "timeouts": null,
            "volume_id": "vol-0cc7edfd0b1e302e1"
          },
          "sensitive_attributes": [],
          "private": "eyJlMmJmYjczMC1lY2FhLTExZTYtOGY4OC0zNDM2M2JjN2M0YzAiOnsiY3JlYXRlIjozMDAwMDAwMDAwMDAsImRlbGV0ZSI6MzAwMDAwMDAwMDAwfX0=",
          "dependencies": [
            "aws_ebs_volume.utc-ebs",
            "aws_instance.utc-app1",
            "aws_security_group.webserver-sg",
            "aws_subnet.public_subnet1a",
            "aws_vpc.utc-app1"
          ]
        }
      ]
    },
    {
      "mode": "managed",
      "type": "aws_vpc",
      "name": "utc-app1",
      "provider": "provider[\"registry.terraform.io/hashicorp/aws\"]",
      "instances": [
        {
          "schema_version": 1,
          "attributes": {
            "arn": "arn:aws:ec2:us-east-1:781382313434:vpc/vpc-0c42ad92ccb6cf935",
            "assign_generated_ipv6_cidr_block": false,
            "cidr_block": "172.120.0.0/16",
            "default_network_acl_id": "acl-0080b135412962fa5",
            "default_route_table_id": "rtb-071e0858eaced0b74",
            "default_security_group_id": "sg-04d2d3237fe4823fe",
            "dhcp_options_id": "dopt-0920909d42a870e91",
            "enable_dns_hostnames": true,
            "enable_dns_support": true,
            "enable_network_address_usage_metrics": false,
            "id": "vpc-0c42ad92ccb6cf935",
            "instance_tenancy": "default",
            "ipv4_ipam_pool_id": null,
            "ipv4_netmask_length": null,
            "ipv6_association_id": "",
            "ipv6_cidr_block": "",
            "ipv6_cidr_block_network_border_group": "",
            "ipv6_ipam_pool_id": "",
            "ipv6_netmask_length": 0,
            "main_route_table_id": "rtb-071e0858eaced0b74",
            "owner_id": "781382313434",
            "tags": {
              "Env": "dev",
              "Name": "utc-app1",
              "Team": "wdp",
              "created_by": "Stephane"
            },
            "tags_all": {
              "Env": "dev",
              "Name": "utc-app1",
              "Team": "wdp",
              "created_by": "Stephane"
            }
          },
          "sensitive_attributes": [],
          "private": "eyJzY2hlbWFfdmVyc2lvbiI6IjEifQ=="
        }
      ]
    },
    {
      "mode": "managed",
      "type": "local_file",
      "name": "ssh_key",
      "provider": "provider[\"registry.terraform.io/hashicorp/local\"]",
      "instances": [
        {
          "schema_version": 0,
          "attributes": {
            "content": "-----BEGIN RSA PRIVATE KEY-----\nMIIEpAIBAAKCAQEAyR7Pk1tEh+2cfUHV8ixV5JFSKTNM844pX/WzfW1NXDO1yA1t\nNQmElRJkqCMYjhVCWCi21iZXsvtAswMg1l16L3Sgsbgj9X7IqH6bIqWTX7j0rJSB\nkKHr1QUhal4J12n1rHgf1TVtSDbUZFcg5A2xSJTB8ed3G0FE4M9GffKQ5cCYDxm9\n5Xzaty2VjLtPvsKdQZTfFMMCVoh5ckapeEniOS1oaGSMvp6sXShSRztEKKv0BWgU\nrOHL53oeWThcZiCOCqcNA4B/87ReRAncd/pTjrainX2hl+NBUXSpwfDuEazRMXNP\nVI9tXrxvlXlBZqWcN5UY+x0dersDaxzy1MZJAQIDAQABAoIBAHKTsv3oCOrHW1eg\nohoNWAGXKI+AQl6epsOcXl0eX+wfKXiG7ahBe97RU7bWB68qPVmsGD14Ko40xW82\nYQa+ylUuxD17AkFhsT8MoaTjX0oxPHL1R7r2BDyfZ6IJYOHv454V8Uyt20xAsE9Z\ns8s4Yb9PwA3oJ9rHHE5Wx3oJLrM0OsJwGOXnZs6GV8CcpZe9/ONquzcFZ0/t4C2R\nDztzQiXe0iUH+FAdbAN8XC3RdvADIS3uim58k6rypS0SiXVtdFTc2Y/unVjWWIzp\n3hlft9tl2pktdJvoGn7sGpx8pFgcihLSjcEx7ZvM3hYxT+vpRqPzXhjlGf2306OV\nCsz/agECgYEA6hmjk1olCuNdQmr/UB2/6Shxi5ZJACJ1uuluuzjPj92UyXzIje+L\nWraZMOiKrNw5m1ReIaJh7OwFBa+n3h1/55YEFwWhjaQOyaF40KBWS8VDUXrxyu2R\nqTkWKmCbIds0c/jfghzLoTRk64ZX0+ZnMbjQkusNjmfXoHmrcYbt3ZkCgYEA2+9a\ncUOJwDVcwsPnupfvaxQ0LOuTTq/lb02J5X7Q85BNsPDOUGADYhmxho8kMGJDmnQL\nQ2ve6rle704SOzLNrDMGJXY3t7tMYTcXsLV7bjs7U1XxfypCTRAKgbwfUqAchl2E\nRjLGflggmEdqAvCvSVP36DiFQQ2cH3NGuwzwV6kCgYEAj1wgJi7AHIjcJb5sl92A\nFwLjdf4UunZf7pThcNn7kji50yINl44ooubLrX3a3r0Gsi7abnKI0ZRABxlpDca2\n+1WNL6QNKTZcr/GokOp/rmshLJbD1+fgmecRweXjWrpoxtST25RSx2fUnb9praSd\ncX+iizZS2PCSxf18lktxA5ECgYBHbGSfscIzZGD6cyp3A05iJM6I4/wTqrXEvpaQ\nq+1pm6xPUPR/T57ppdRsEWI8QD0aFKNvwsFC0u5Morry9J2sVWmiktCnXzD/xSdx\nYI50DtJGTvu9Q1kCs7nlxdUaPRrmW8pQDb8+WppDObXovIcANj+k723+4U+ZOxN2\nPU5z+QKBgQDV1dRLtdqJR44BSt5+nWqGBIgTE1n7SiTiJpUCtc7dKCYq2HxSd2sw\nkx6ut0OIX+KxHpctGmxSFIOa+EcZVe4cGFfowZU0UT8p3sOuLjsFwmyLf+wjkRk9\nK+6m4pUAf+KrzC8O1QC5URzJOzDJ7VpUELcNWYyH5V7olrMt1RJk3w==\n-----END RSA PRIVATE KEY-----\n",
            "content_base64": null,
            "content_base64sha256": "jnhXzY0+XgOrocRFjBED+2Zzd8QfLJhKOfjiR7cVfB8=",
            "content_base64sha512": "61gKuyj3WzkX7guRgyWwMFD3oO+n+BykeJMUb707r3kHU8I4brpDF45kYwNBUJSCgV7gSelADbnmeCucY4g0ZA==",
            "content_md5": "b3cdc95af6bb3418476b2cf49ba0c619",
            "content_sha1": "623023bf364902f3594ca012c7647db8bc0cf62b",
            "content_sha256": "8e7857cd8d3e5e03aba1c4458c1103fb667377c41f2c984a39f8e247b7157c1f",
            "content_sha512": "eb580abb28f75b3917ee0b918325b03050f7a0efa7f81ca47893146fbd3baf790753c2386eba43178e64630341509482815ee049e9400db9e6782b9c63883464",
            "directory_permission": "0777",
            "file_permission": "0777",
            "filename": "utc-key.pem",
            "id": "623023bf364902f3594ca012c7647db8bc0cf62b",
            "sensitive_content": null,
            "source": null
          },
          "sensitive_attributes": [
            [
              {
                "type": "get_attr",
                "value": "content"
              }
            ]
          ],
          "dependencies": [
            "tls_private_key.app1"
          ]
        }
      ]
    },
    {
      "mode": "managed",
      "type": "tls_private_key",
      "name": "app1",
      "provider": "provider[\"registry.terraform.io/hashicorp/tls\"]",
      "instances": [
        {
          "schema_version": 1,
          "attributes": {
            "algorithm": "RSA",
            "ecdsa_curve": "P224",
            "id": "e29a0caee91d8dfbfcb1a17bf5483c2816f4afe7",
            "private_key_openssh": "-----BEGIN OPENSSH PRIVATE KEY-----\nb3BlbnNzaC1rZXktdjEAAAAABG5vbmUAAAAEbm9uZQAAAAAAAAABAAABFwAAAAdz\nc2gtcnNhAAAAAwEAAQAAAQEAyR7Pk1tEh+2cfUHV8ixV5JFSKTNM844pX/WzfW1N\nXDO1yA1tNQmElRJkqCMYjhVCWCi21iZXsvtAswMg1l16L3Sgsbgj9X7IqH6bIqWT\nX7j0rJSBkKHr1QUhal4J12n1rHgf1TVtSDbUZFcg5A2xSJTB8ed3G0FE4M9GffKQ\n5cCYDxm95Xzaty2VjLtPvsKdQZTfFMMCVoh5ckapeEniOS1oaGSMvp6sXShSRztE\nKKv0BWgUrOHL53oeWThcZiCOCqcNA4B/87ReRAncd/pTjrainX2hl+NBUXSpwfDu\nEazRMXNPVI9tXrxvlXlBZqWcN5UY+x0dersDaxzy1MZJAQAAA7hM1HK5TNRyuQAA\nAAdzc2gtcnNhAAABAQDJHs+TW0SH7Zx9QdXyLFXkkVIpM0zzjilf9bN9bU1cM7XI\nDW01CYSVEmSoIxiOFUJYKLbWJley+0CzAyDWXXovdKCxuCP1fsiofpsipZNfuPSs\nlIGQoevVBSFqXgnXafWseB/VNW1INtRkVyDkDbFIlMHx53cbQUTgz0Z98pDlwJgP\nGb3lfNq3LZWMu0++wp1BlN8UwwJWiHlyRql4SeI5LWhoZIy+nqxdKFJHO0Qoq/QF\naBSs4cvneh5ZOFxmII4Kpw0DgH/ztF5ECdx3+lOOtqKdfaGX40FRdKnB8O4RrNEx\nc09Uj21evG+VeUFmpZw3lRj7HR16uwNrHPLUxkkBAAAAAwEAAQAAAQByk7L96Ajq\nx1tXoKIaDVgBlyiPgEJenqbDnF5dHl/sHyl4hu2oQXve0VO21gevKj1ZrBg9eCqO\nNMVvNmEGvspVLsQ9ewJBYbE/DKGk419KMTxy9Ue69gQ8n2eiCWDh7+OeFfFMrdtM\nQLBPWbPLOGG/T8AN6CfaxxxOVsd6CS6zNDrCcBjl52bOhlfAnKWXvfzjars3BWdP\n7eAtkQ87c0Il3tIlB/hQHWwDfFwt0XbwAyEt7opufJOq8qUtEol1bXRU3NmP7p1Y\n1liM6d4ZX7fbZdqZLXSb6Bp+7BqcfKRYHIoS0o3BMe2bzN4WMU/r6Uaj814Y5Rn9\nt9OjlQrM/2oBAAAAgQDV1dRLtdqJR44BSt5+nWqGBIgTE1n7SiTiJpUCtc7dKCYq\n2HxSd2swkx6ut0OIX+KxHpctGmxSFIOa+EcZVe4cGFfowZU0UT8p3sOuLjsFwmyL\nf+wjkRk9K+6m4pUAf+KrzC8O1QC5URzJOzDJ7VpUELcNWYyH5V7olrMt1RJk3wAA\nAIEA6hmjk1olCuNdQmr/UB2/6Shxi5ZJACJ1uuluuzjPj92UyXzIje+LWraZMOiK\nrNw5m1ReIaJh7OwFBa+n3h1/55YEFwWhjaQOyaF40KBWS8VDUXrxyu2RqTkWKmCb\nIds0c/jfghzLoTRk64ZX0+ZnMbjQkusNjmfXoHmrcYbt3ZkAAACBANvvWnFDicA1\nXMLD57qX72sUNCzrk06v5W9NieV+0POQTbDwzlBgA2IZsYaPJDBiQ5p0C0Nr3uq5\nXu9OEjsyzawzBiV2N7e7TGE3F7C1e247O1NV8X8qQk0QCoG8H1KgHIZdhEYyxn5Y\nIJhHagLwr0lT9+g4hUENnB9zRrsM8FepAAAAAAEC\n-----END OPENSSH PRIVATE KEY-----\n",
            "private_key_pem": "-----BEGIN RSA PRIVATE KEY-----\nMIIEpAIBAAKCAQEAyR7Pk1tEh+2cfUHV8ixV5JFSKTNM844pX/WzfW1NXDO1yA1t\nNQmElRJkqCMYjhVCWCi21iZXsvtAswMg1l16L3Sgsbgj9X7IqH6bIqWTX7j0rJSB\nkKHr1QUhal4J12n1rHgf1TVtSDbUZFcg5A2xSJTB8ed3G0FE4M9GffKQ5cCYDxm9\n5Xzaty2VjLtPvsKdQZTfFMMCVoh5ckapeEniOS1oaGSMvp6sXShSRztEKKv0BWgU\nrOHL53oeWThcZiCOCqcNA4B/87ReRAncd/pTjrainX2hl+NBUXSpwfDuEazRMXNP\nVI9tXrxvlXlBZqWcN5UY+x0dersDaxzy1MZJAQIDAQABAoIBAHKTsv3oCOrHW1eg\nohoNWAGXKI+AQl6epsOcXl0eX+wfKXiG7ahBe97RU7bWB68qPVmsGD14Ko40xW82\nYQa+ylUuxD17AkFhsT8MoaTjX0oxPHL1R7r2BDyfZ6IJYOHv454V8Uyt20xAsE9Z\ns8s4Yb9PwA3oJ9rHHE5Wx3oJLrM0OsJwGOXnZs6GV8CcpZe9/ONquzcFZ0/t4C2R\nDztzQiXe0iUH+FAdbAN8XC3RdvADIS3uim58k6rypS0SiXVtdFTc2Y/unVjWWIzp\n3hlft9tl2pktdJvoGn7sGpx8pFgcihLSjcEx7ZvM3hYxT+vpRqPzXhjlGf2306OV\nCsz/agECgYEA6hmjk1olCuNdQmr/UB2/6Shxi5ZJACJ1uuluuzjPj92UyXzIje+L\nWraZMOiKrNw5m1ReIaJh7OwFBa+n3h1/55YEFwWhjaQOyaF40KBWS8VDUXrxyu2R\nqTkWKmCbIds0c/jfghzLoTRk64ZX0+ZnMbjQkusNjmfXoHmrcYbt3ZkCgYEA2+9a\ncUOJwDVcwsPnupfvaxQ0LOuTTq/lb02J5X7Q85BNsPDOUGADYhmxho8kMGJDmnQL\nQ2ve6rle704SOzLNrDMGJXY3t7tMYTcXsLV7bjs7U1XxfypCTRAKgbwfUqAchl2E\nRjLGflggmEdqAvCvSVP36DiFQQ2cH3NGuwzwV6kCgYEAj1wgJi7AHIjcJb5sl92A\nFwLjdf4UunZf7pThcNn7kji50yINl44ooubLrX3a3r0Gsi7abnKI0ZRABxlpDca2\n+1WNL6QNKTZcr/GokOp/rmshLJbD1+fgmecRweXjWrpoxtST25RSx2fUnb9praSd\ncX+iizZS2PCSxf18lktxA5ECgYBHbGSfscIzZGD6cyp3A05iJM6I4/wTqrXEvpaQ\nq+1pm6xPUPR/T57ppdRsEWI8QD0aFKNvwsFC0u5Morry9J2sVWmiktCnXzD/xSdx\nYI50DtJGTvu9Q1kCs7nlxdUaPRrmW8pQDb8+WppDObXovIcANj+k723+4U+ZOxN2\nPU5z+QKBgQDV1dRLtdqJR44BSt5+nWqGBIgTE1n7SiTiJpUCtc7dKCYq2HxSd2sw\nkx6ut0OIX+KxHpctGmxSFIOa+EcZVe4cGFfowZU0UT8p3sOuLjsFwmyLf+wjkRk9\nK+6m4pUAf+KrzC8O1QC5URzJOzDJ7VpUELcNWYyH5V7olrMt1RJk3w==\n-----END RSA PRIVATE KEY-----\n",
            "private_key_pem_pkcs8": "-----BEGIN PRIVATE KEY-----\nMIIEvgIBADANBgkqhkiG9w0BAQEFAASCBKgwggSkAgEAAoIBAQDJHs+TW0SH7Zx9\nQdXyLFXkkVIpM0zzjilf9bN9bU1cM7XIDW01CYSVEmSoIxiOFUJYKLbWJley+0Cz\nAyDWXXovdKCxuCP1fsiofpsipZNfuPSslIGQoevVBSFqXgnXafWseB/VNW1INtRk\nVyDkDbFIlMHx53cbQUTgz0Z98pDlwJgPGb3lfNq3LZWMu0++wp1BlN8UwwJWiHly\nRql4SeI5LWhoZIy+nqxdKFJHO0Qoq/QFaBSs4cvneh5ZOFxmII4Kpw0DgH/ztF5E\nCdx3+lOOtqKdfaGX40FRdKnB8O4RrNExc09Uj21evG+VeUFmpZw3lRj7HR16uwNr\nHPLUxkkBAgMBAAECggEAcpOy/egI6sdbV6CiGg1YAZcoj4BCXp6mw5xeXR5f7B8p\neIbtqEF73tFTttYHryo9WawYPXgqjjTFbzZhBr7KVS7EPXsCQWGxPwyhpONfSjE8\ncvVHuvYEPJ9noglg4e/jnhXxTK3bTECwT1mzyzhhv0/ADegn2sccTlbHegkuszQ6\nwnAY5edmzoZXwJyll73842q7NwVnT+3gLZEPO3NCJd7SJQf4UB1sA3xcLdF28AMh\nLe6KbnyTqvKlLRKJdW10VNzZj+6dWNZYjOneGV+322XamS10m+gafuwanHykWByK\nEtKNwTHtm8zeFjFP6+lGo/NeGOUZ/bfTo5UKzP9qAQKBgQDqGaOTWiUK411Cav9Q\nHb/pKHGLlkkAInW66W67OM+P3ZTJfMiN74tatpkw6Iqs3DmbVF4homHs7AUFr6fe\nHX/nlgQXBaGNpA7JoXjQoFZLxUNRevHK7ZGpORYqYJsh2zRz+N+CHMuhNGTrhlfT\n5mcxuNCS6w2OZ9egeatxhu3dmQKBgQDb71pxQ4nANVzCw+e6l+9rFDQs65NOr+Vv\nTYnlftDzkE2w8M5QYANiGbGGjyQwYkOadAtDa97quV7vThI7Ms2sMwYldje3u0xh\nNxewtXtuOztTVfF/KkJNEAqBvB9SoByGXYRGMsZ+WCCYR2oC8K9JU/foOIVBDZwf\nc0a7DPBXqQKBgQCPXCAmLsAciNwlvmyX3YAXAuN1/hS6dl/ulOFw2fuSOLnTIg2X\njiii5sutfdrevQayLtpucojRlEAHGWkNxrb7VY0vpA0pNlyv8aiQ6n+uayEslsPX\n5+CZ5xHB5eNaumjG1JPblFLHZ9Sdv2mtpJ1xf6KLNlLY8JLF/XyWS3EDkQKBgEds\nZJ+xwjNkYPpzKncDTmIkzojj/BOqtcS+lpCr7WmbrE9Q9H9Pnuml1GwRYjxAPRoU\no2/CwULS7kyiuvL0naxVaaKS0KdfMP/FJ3FgjnQO0kZO+71DWQKzueXF1Ro9GuZb\nylANvz5amkM5tei8hwA2P6Tvbf7hT5k7E3Y9TnP5AoGBANXV1Eu12olHjgFK3n6d\naoYEiBMTWftKJOImlQK1zt0oJirYfFJ3azCTHq63Q4hf4rEely0abFIUg5r4RxlV\n7hwYV+jBlTRRPynew64uOwXCbIt/7CORGT0r7qbilQB/4qvMLw7VALlRHMk7MMnt\nWlQQtw1ZjIflXuiWsy3VEmTf\n-----END PRIVATE KEY-----\n",
            "public_key_fingerprint_md5": "7c:21:d9:97:8c:c2:07:d5:e7:f9:94:ef:e9:f0:fb:ef",
            "public_key_fingerprint_sha256": "SHA256:W+mRFLzeLWP5ebEn/B88kcSPU4whZrGhBIKejPq7PoU",
            "public_key_openssh": "ssh-rsa AAAAB3NzaC1yc2EAAAADAQABAAABAQDJHs+TW0SH7Zx9QdXyLFXkkVIpM0zzjilf9bN9bU1cM7XIDW01CYSVEmSoIxiOFUJYKLbWJley+0CzAyDWXXovdKCxuCP1fsiofpsipZNfuPSslIGQoevVBSFqXgnXafWseB/VNW1INtRkVyDkDbFIlMHx53cbQUTgz0Z98pDlwJgPGb3lfNq3LZWMu0++wp1BlN8UwwJWiHlyRql4SeI5LWhoZIy+nqxdKFJHO0Qoq/QFaBSs4cvneh5ZOFxmII4Kpw0DgH/ztF5ECdx3+lOOtqKdfaGX40FRdKnB8O4RrNExc09Uj21evG+VeUFmpZw3lRj7HR16uwNrHPLUxkkB\n",
            "public_key_pem": "-----BEGIN PUBLIC KEY-----\nMIIBIjANBgkqhkiG9w0BAQEFAAOCAQ8AMIIBCgKCAQEAyR7Pk1tEh+2cfUHV8ixV\n5JFSKTNM844pX/WzfW1NXDO1yA1tNQmElRJkqCMYjhVCWCi21iZXsvtAswMg1l16\nL3Sgsbgj9X7IqH6bIqWTX7j0rJSBkKHr1QUhal4J12n1rHgf1TVtSDbUZFcg5A2x\nSJTB8ed3G0FE4M9GffKQ5cCYDxm95Xzaty2VjLtPvsKdQZTfFMMCVoh5ckapeEni\nOS1oaGSMvp6sXShSRztEKKv0BWgUrOHL53oeWThcZiCOCqcNA4B/87ReRAncd/pT\njrainX2hl+NBUXSpwfDuEazRMXNPVI9tXrxvlXlBZqWcN5UY+x0dersDaxzy1MZJ\nAQIDAQAB\n-----END PUBLIC KEY-----\n",
            "rsa_bits": 2048
          },
          "sensitive_attributes": []
        }
      ]
    }
  ],
  "check_results": null
}
